
Microsoft Visual Studio Solution File, Format Version 12.00
# Visual Studio 2015
Project("{FAE04EC0-301F-11D3-BF4B-00C04F79EFBC}") = "BowGame.Plugins", "BowGame.Plugins.csproj", "{8DBCA662-427F-2D9E-AA39-BED1C484F33F}"
EndProject
Project("{FAE04EC0-301F-11D3-BF4B-00C04F79EFBC}") = "BowGame", "BowGame.csproj", "{66D18674-54DE-3F7B-4B02-58515D91A460}"
EndProject
Project("{FAE04EC0-301F-11D3-BF4B-00C04F79EFBC}") = "BowGame.Editor.Plugins", "BowGame.Editor.Plugins.csproj", "{C11782DC-8D78-1486-B752-C69036BA15E7}"
EndProject
Global
	GlobalSection(SolutionConfigurationPlatforms) = preSolution
		Debug|Any CPU = Debug|Any CPU
		Release|Any CPU = Release|Any CPU
	EndGlobalSection
	GlobalSection(ProjectConfigurationPlatforms) = postSolution
		{8DBCA662-427F-2D9E-AA39-BED1C484F33F}.Debug|Any CPU.ActiveCfg = Debug|Any CPU
		{8DBCA662-427F-2D9E-AA39-BED1C484F33F}.Debug|Any CPU.Build.0 = Debug|Any CPU
		{8DBCA662-427F-2D9E-AA39-BED1C484F33F}.Release|Any CPU.ActiveCfg = Release|Any CPU
		{8DBCA662-427F-2D9E-AA39-BED1C484F33F}.Release|Any CPU.Build.0 = Release|Any CPU
		{66D18674-54DE-3F7B-4B02-58515D91A460}.Debug|Any CPU.ActiveCfg = Debug|Any CPU
		{66D18674-54DE-3F7B-4B02-58515D91A460}.Debug|Any CPU.Build.0 = Debug|Any CPU
		{66D18674-54DE-3F7B-4B02-58515D91A460}.Release|Any CPU.ActiveCfg = Release|Any CPU
		{66D18674-54DE-3F7B-4B02-58515D91A460}.Release|Any CPU.Build.0 = Release|Any CPU
		{C11782DC-8D78-1486-B752-C69036BA15E7}.Debug|Any CPU.ActiveCfg = Debug|Any CPU
		{C11782DC-8D78-1486-B752-C69036BA15E7}.Debug|Any CPU.Build.0 = Debug|Any CPU
		{C11782DC-8D78-1486-B752-C69036BA15E7}.Release|Any CPU.ActiveCfg = Release|Any CPU
		{C11782DC-8D78-1486-B752-C69036BA15E7}.Release|Any CPU.Build.0 = Release|Any CPU
	EndGlobalSection
	GlobalSection(SolutionProperties) = preSolution
		HideSolutionNode = FALSE
	EndGlobalSection
EndGlobal
